// !$*UTF8*$!
{
	archiveVersion = 1;
	classes = {
	};
	objectVersion = 56;
	objects = {

/* Begin PBXBuildFile section */
		9504E89829106C670009D563 /* SpeedCalculatorProtocol.swift in Sources */ = {isa = PBXBuildFile; fileRef = 9504E89729106C670009D563 /* SpeedCalculatorProtocol.swift */; };
		9504E89A29106C9C0009D563 /* Speed.swift in Sources */ = {isa = PBXBuildFile; fileRef = 9504E89929106C9C0009D563 /* Speed.swift */; };
		9504E89C29106D3A0009D563 /* MotionBasedSpeedCalculator.swift in Sources */ = {isa = PBXBuildFile; fileRef = 9504E89B29106D3A0009D563 /* MotionBasedSpeedCalculator.swift */; };
		9504E89E2910715F0009D563 /* SpeedViewModel.swift in Sources */ = {isa = PBXBuildFile; fileRef = 9504E89D2910715F0009D563 /* SpeedViewModel.swift */; };
		9504E8A02910853B0009D563 /* SpeedCalculatorTest.swift in Sources */ = {isa = PBXBuildFile; fileRef = 9504E89F2910853B0009D563 /* SpeedCalculatorTest.swift */; };
		9504E8A9291165F70009D563 /* HeadingView.swift in Sources */ = {isa = PBXBuildFile; fileRef = 9504E8A8291165F70009D563 /* HeadingView.swift */; };
		9504E8AE291169F30009D563 /* MotionSlidersView.swift in Sources */ = {isa = PBXBuildFile; fileRef = 9504E8AD291169F30009D563 /* MotionSlidersView.swift */; };
		950D30FE2909E5D000874EBF /* FitnessHeadTrackerApp.swift in Sources */ = {isa = PBXBuildFile; fileRef = 950D30FD2909E5D000874EBF /* FitnessHeadTrackerApp.swift */; };
		950D31002909E5D000874EBF /* ContentView.swift in Sources */ = {isa = PBXBuildFile; fileRef = 950D30FF2909E5D000874EBF /* ContentView.swift */; };
		950D31022909E5D200874EBF /* Assets.xcassets in Resources */ = {isa = PBXBuildFile; fileRef = 950D31012909E5D200874EBF /* Assets.xcassets */; };
		950D31052909E5D200874EBF /* Preview Assets.xcassets in Resources */ = {isa = PBXBuildFile; fileRef = 950D31042909E5D200874EBF /* Preview Assets.xcassets */; };
		950D310F2909E5D200874EBF /* FitnessHeadTrackerTests.swift in Sources */ = {isa = PBXBuildFile; fileRef = 950D310E2909E5D200874EBF /* FitnessHeadTrackerTests.swift */; };
		950D31192909E5D200874EBF /* FitnessHeadTrackerUITests.swift in Sources */ = {isa = PBXBuildFile; fileRef = 950D31182909E5D200874EBF /* FitnessHeadTrackerUITests.swift */; };
		950D311B2909E5D200874EBF /* FitnessHeadTrackerUITestsLaunchTests.swift in Sources */ = {isa = PBXBuildFile; fileRef = 950D311A2909E5D200874EBF /* FitnessHeadTrackerUITestsLaunchTests.swift */; };
		950D312B2909EC1F00874EBF /* MotionManager.swift in Sources */ = {isa = PBXBuildFile; fileRef = 950D312A2909EC1F00874EBF /* MotionManager.swift */; };
		950D312F290A7E6400874EBF /* SIMDAcceleration.swift in Sources */ = {isa = PBXBuildFile; fileRef = 950D312E290A7E6400874EBF /* SIMDAcceleration.swift */; };
		950D3131290A7EB000874EBF /* SIMDRotationRate.swift in Sources */ = {isa = PBXBuildFile; fileRef = 950D3130290A7EB000874EBF /* SIMDRotationRate.swift */; };
		950D3134290A7F2E00874EBF /* MotionViewModel.swift in Sources */ = {isa = PBXBuildFile; fileRef = 950D3133290A7F2E00874EBF /* MotionViewModel.swift */; };
		950D3136290A8A0E00874EBF /* MotionManagerProtocol.swift in Sources */ = {isa = PBXBuildFile; fileRef = 950D3135290A8A0E00874EBF /* MotionManagerProtocol.swift */; };
		950D3139290A8D3C00874EBF /* MotionManagerMock.swift in Sources */ = {isa = PBXBuildFile; fileRef = 950D3138290A8D3C00874EBF /* MotionManagerMock.swift */; };
		950D313B290A93A500874EBF /* DistanceTrackerProtocol.swift in Sources */ = {isa = PBXBuildFile; fileRef = 950D313A290A93A500874EBF /* DistanceTrackerProtocol.swift */; };
		950D313D290A93D400874EBF /* Distance.swift in Sources */ = {isa = PBXBuildFile; fileRef = 950D313C290A93D400874EBF /* Distance.swift */; };
		950D3141290A996200874EBF /* MotionBasedDistanceTracker.swift in Sources */ = {isa = PBXBuildFile; fileRef = 950D3140290A996200874EBF /* MotionBasedDistanceTracker.swift */; };
		950D3143290AA36300874EBF /* DistanceTrackerViewModel.swift in Sources */ = {isa = PBXBuildFile; fileRef = 950D3142290AA36300874EBF /* DistanceTrackerViewModel.swift */; };
		950D3145290AADAB00874EBF /* AccelerationChart.swift in Sources */ = {isa = PBXBuildFile; fileRef = 950D3144290AADAB00874EBF /* AccelerationChart.swift */; };
		950D3148290AE72A00874EBF /* Filter.swift in Sources */ = {isa = PBXBuildFile; fileRef = 950D3147290AE72A00874EBF /* Filter.swift */; };
		950D314A290AE94A00874EBF /* EwmaFilter.swift in Sources */ = {isa = PBXBuildFile; fileRef = 950D3149290AE94A00874EBF /* EwmaFilter.swift */; };
		950D314C290AEBEE00874EBF /* FilteredMotionManager.swift in Sources */ = {isa = PBXBuildFile; fileRef = 950D314B290AEBEE00874EBF /* FilteredMotionManager.swift */; };
		950D314E290B32F400874EBF /* DeadBandFilter.swift in Sources */ = {isa = PBXBuildFile; fileRef = 950D314D290B32F400874EBF /* DeadBandFilter.swift */; };
		95643EF12912E037009C2628 /* SIMDQuaternion.swift in Sources */ = {isa = PBXBuildFile; fileRef = 95643EF02912E037009C2628 /* SIMDQuaternion.swift */; };
		95643EF32912E097009C2628 /* SIMDAttitude.swift in Sources */ = {isa = PBXBuildFile; fileRef = 95643EF22912E097009C2628 /* SIMDAttitude.swift */; };
		95643EF52912E0FA009C2628 /* SIMDRotationMatrix.swift in Sources */ = {isa = PBXBuildFile; fileRef = 95643EF42912E0FA009C2628 /* SIMDRotationMatrix.swift */; };
		95CB241B2915BB7F00299821 /* RotationRate.swift in Sources */ = {isa = PBXBuildFile; fileRef = 95CB241A2915BB7F00299821 /* RotationRate.swift */; };
		95D03FE729151C1B00C6B7C9 /* CMExtensions.swift in Sources */ = {isa = PBXBuildFile; fileRef = 95D03FE629151C1B00C6B7C9 /* CMExtensions.swift */; };
		95D03FE929153A3500C6B7C9 /* Acceleration.swift in Sources */ = {isa = PBXBuildFile; fileRef = 95D03FE829153A3500C6B7C9 /* Acceleration.swift */; };
		95D03FEB29153A8D00C6B7C9 /* Attitude.swift in Sources */ = {isa = PBXBuildFile; fileRef = 95D03FEA29153A8D00C6B7C9 /* Attitude.swift */; };
		95D03FED29153AA000C6B7C9 /* RotationMatrix.swift in Sources */ = {isa = PBXBuildFile; fileRef = 95D03FEC29153AA000C6B7C9 /* RotationMatrix.swift */; };
		95D03FEF29153B1F00C6B7C9 /* Quaternion.swift in Sources */ = {isa = PBXBuildFile; fileRef = 95D03FEE29153B1F00C6B7C9 /* Quaternion.swift */; };
/* End PBXBuildFile section */

/* Begin PBXContainerItemProxy section */
		950D310B2909E5D200874EBF /* PBXContainerItemProxy */ = {
			isa = PBXContainerItemProxy;
			containerPortal = 950D30F22909E5D000874EBF /* Project object */;
			proxyType = 1;
			remoteGlobalIDString = 950D30F92909E5D000874EBF;
			remoteInfo = FitnessHeadTracker;
		};
		950D31152909E5D200874EBF /* PBXContainerItemProxy */ = {
			isa = PBXContainerItemProxy;
			containerPortal = 950D30F22909E5D000874EBF /* Project object */;
			proxyType = 1;
			remoteGlobalIDString = 950D30F92909E5D000874EBF;
			remoteInfo = FitnessHeadTracker;
		};
/* End PBXContainerItemProxy section */

/* Begin PBXFileReference section */
		9504E89729106C670009D563 /* SpeedCalculatorProtocol.swift */ = {isa = PBXFileReference; lastKnownFileType = sourcecode.swift; path = SpeedCalculatorProtocol.swift; sourceTree = "<group>"; };
		9504E89929106C9C0009D563 /* Speed.swift */ = {isa = PBXFileReference; lastKnownFileType = sourcecode.swift; path = Speed.swift; sourceTree = "<group>"; };
		9504E89B29106D3A0009D563 /* MotionBasedSpeedCalculator.swift */ = {isa = PBXFileReference; lastKnownFileType = sourcecode.swift; path = MotionBasedSpeedCalculator.swift; sourceTree = "<group>"; };
		9504E89D2910715F0009D563 /* SpeedViewModel.swift */ = {isa = PBXFileReference; lastKnownFileType = sourcecode.swift; path = SpeedViewModel.swift; sourceTree = "<group>"; };
		9504E89F2910853B0009D563 /* SpeedCalculatorTest.swift */ = {isa = PBXFileReference; lastKnownFileType = sourcecode.swift; path = SpeedCalculatorTest.swift; sourceTree = "<group>"; };
		9504E8A8291165F70009D563 /* HeadingView.swift */ = {isa = PBXFileReference; lastKnownFileType = sourcecode.swift; path = HeadingView.swift; sourceTree = "<group>"; };
		9504E8AD291169F30009D563 /* MotionSlidersView.swift */ = {isa = PBXFileReference; lastKnownFileType = sourcecode.swift; path = MotionSlidersView.swift; sourceTree = "<group>"; };
		950D30FA2909E5D000874EBF /* FitnessHeadTracker.app */ = {isa = PBXFileReference; explicitFileType = wrapper.application; includeInIndex = 0; path = FitnessHeadTracker.app; sourceTree = BUILT_PRODUCTS_DIR; };
		950D30FD2909E5D000874EBF /* FitnessHeadTrackerApp.swift */ = {isa = PBXFileReference; lastKnownFileType = sourcecode.swift; path = FitnessHeadTrackerApp.swift; sourceTree = "<group>"; };
		950D30FF2909E5D000874EBF /* ContentView.swift */ = {isa = PBXFileReference; lastKnownFileType = sourcecode.swift; path = ContentView.swift; sourceTree = "<group>"; };
		950D31012909E5D200874EBF /* Assets.xcassets */ = {isa = PBXFileReference; lastKnownFileType = folder.assetcatalog; path = Assets.xcassets; sourceTree = "<group>"; };
		950D31042909E5D200874EBF /* Preview Assets.xcassets */ = {isa = PBXFileReference; lastKnownFileType = folder.assetcatalog; path = "Preview Assets.xcassets"; sourceTree = "<group>"; };
		950D310A2909E5D200874EBF /* FitnessHeadTrackerTests.xctest */ = {isa = PBXFileReference; explicitFileType = wrapper.cfbundle; includeInIndex = 0; path = FitnessHeadTrackerTests.xctest; sourceTree = BUILT_PRODUCTS_DIR; };
		950D310E2909E5D200874EBF /* FitnessHeadTrackerTests.swift */ = {isa = PBXFileReference; lastKnownFileType = sourcecode.swift; path = FitnessHeadTrackerTests.swift; sourceTree = "<group>"; };
		950D31142909E5D200874EBF /* FitnessHeadTrackerUITests.xctest */ = {isa = PBXFileReference; explicitFileType = wrapper.cfbundle; includeInIndex = 0; path = FitnessHeadTrackerUITests.xctest; sourceTree = BUILT_PRODUCTS_DIR; };
		950D31182909E5D200874EBF /* FitnessHeadTrackerUITests.swift */ = {isa = PBXFileReference; lastKnownFileType = sourcecode.swift; path = FitnessHeadTrackerUITests.swift; sourceTree = "<group>"; };
		950D311A2909E5D200874EBF /* FitnessHeadTrackerUITestsLaunchTests.swift */ = {isa = PBXFileReference; lastKnownFileType = sourcecode.swift; path = FitnessHeadTrackerUITestsLaunchTests.swift; sourceTree = "<group>"; };
		950D312A2909EC1F00874EBF /* MotionManager.swift */ = {isa = PBXFileReference; lastKnownFileType = sourcecode.swift; path = MotionManager.swift; sourceTree = "<group>"; };
		950D312E290A7E6400874EBF /* SIMDAcceleration.swift */ = {isa = PBXFileReference; lastKnownFileType = sourcecode.swift; path = SIMDAcceleration.swift; sourceTree = "<group>"; };
		950D3130290A7EB000874EBF /* SIMDRotationRate.swift */ = {isa = PBXFileReference; lastKnownFileType = sourcecode.swift; path = SIMDRotationRate.swift; sourceTree = "<group>"; };
		950D3133290A7F2E00874EBF /* MotionViewModel.swift */ = {isa = PBXFileReference; lastKnownFileType = sourcecode.swift; path = MotionViewModel.swift; sourceTree = "<group>"; };
		950D3135290A8A0E00874EBF /* MotionManagerProtocol.swift */ = {isa = PBXFileReference; lastKnownFileType = sourcecode.swift; path = MotionManagerProtocol.swift; sourceTree = "<group>"; };
		950D3138290A8D3C00874EBF /* MotionManagerMock.swift */ = {isa = PBXFileReference; lastKnownFileType = sourcecode.swift; path = MotionManagerMock.swift; sourceTree = "<group>"; };
		950D313A290A93A500874EBF /* DistanceTrackerProtocol.swift */ = {isa = PBXFileReference; lastKnownFileType = sourcecode.swift; path = DistanceTrackerProtocol.swift; sourceTree = "<group>"; };
		950D313C290A93D400874EBF /* Distance.swift */ = {isa = PBXFileReference; lastKnownFileType = sourcecode.swift; path = Distance.swift; sourceTree = "<group>"; };
		950D3140290A996200874EBF /* MotionBasedDistanceTracker.swift */ = {isa = PBXFileReference; lastKnownFileType = sourcecode.swift; path = MotionBasedDistanceTracker.swift; sourceTree = "<group>"; };
		950D3142290AA36300874EBF /* DistanceTrackerViewModel.swift */ = {isa = PBXFileReference; lastKnownFileType = sourcecode.swift; path = DistanceTrackerViewModel.swift; sourceTree = "<group>"; };
		950D3144290AADAB00874EBF /* AccelerationChart.swift */ = {isa = PBXFileReference; lastKnownFileType = sourcecode.swift; path = AccelerationChart.swift; sourceTree = "<group>"; };
		950D3147290AE72A00874EBF /* Filter.swift */ = {isa = PBXFileReference; lastKnownFileType = sourcecode.swift; path = Filter.swift; sourceTree = "<group>"; };
		950D3149290AE94A00874EBF /* EwmaFilter.swift */ = {isa = PBXFileReference; lastKnownFileType = sourcecode.swift; path = EwmaFilter.swift; sourceTree = "<group>"; };
		950D314B290AEBEE00874EBF /* FilteredMotionManager.swift */ = {isa = PBXFileReference; lastKnownFileType = sourcecode.swift; path = FilteredMotionManager.swift; sourceTree = "<group>"; };
		950D314D290B32F400874EBF /* DeadBandFilter.swift */ = {isa = PBXFileReference; lastKnownFileType = sourcecode.swift; path = DeadBandFilter.swift; sourceTree = "<group>"; };
		95643EF02912E037009C2628 /* SIMDQuaternion.swift */ = {isa = PBXFileReference; lastKnownFileType = sourcecode.swift; path = SIMDQuaternion.swift; sourceTree = "<group>"; };
		95643EF22912E097009C2628 /* SIMDAttitude.swift */ = {isa = PBXFileReference; lastKnownFileType = sourcecode.swift; path = SIMDAttitude.swift; sourceTree = "<group>"; };
		95643EF42912E0FA009C2628 /* SIMDRotationMatrix.swift */ = {isa = PBXFileReference; lastKnownFileType = sourcecode.swift; path = SIMDRotationMatrix.swift; sourceTree = "<group>"; };
		95CB241A2915BB7F00299821 /* RotationRate.swift */ = {isa = PBXFileReference; lastKnownFileType = sourcecode.swift; path = RotationRate.swift; sourceTree = "<group>"; };
		95D03FE629151C1B00C6B7C9 /* CMExtensions.swift */ = {isa = PBXFileReference; lastKnownFileType = sourcecode.swift; path = CMExtensions.swift; sourceTree = "<group>"; };
		95D03FE829153A3500C6B7C9 /* Acceleration.swift */ = {isa = PBXFileReference; lastKnownFileType = sourcecode.swift; path = Acceleration.swift; sourceTree = "<group>"; };
		95D03FEA29153A8D00C6B7C9 /* Attitude.swift */ = {isa = PBXFileReference; lastKnownFileType = sourcecode.swift; path = Attitude.swift; sourceTree = "<group>"; };
		95D03FEC29153AA000C6B7C9 /* RotationMatrix.swift */ = {isa = PBXFileReference; lastKnownFileType = sourcecode.swift; path = RotationMatrix.swift; sourceTree = "<group>"; };
		95D03FEE29153B1F00C6B7C9 /* Quaternion.swift */ = {isa = PBXFileReference; lastKnownFileType = sourcecode.swift; path = Quaternion.swift; sourceTree = "<group>"; };
/* End PBXFileReference section */

/* Begin PBXFrameworksBuildPhase section */
		950D30F72909E5D000874EBF /* Frameworks */ = {
			isa = PBXFrameworksBuildPhase;
			buildActionMask = 2147483647;
			files = (
			);
			runOnlyForDeploymentPostprocessing = 0;
		};
		950D31072909E5D200874EBF /* Frameworks */ = {
			isa = PBXFrameworksBuildPhase;
			buildActionMask = 2147483647;
			files = (
			);
			runOnlyForDeploymentPostprocessing = 0;
		};
		950D31112909E5D200874EBF /* Frameworks */ = {
			isa = PBXFrameworksBuildPhase;
			buildActionMask = 2147483647;
			files = (
			);
			runOnlyForDeploymentPostprocessing = 0;
		};
/* End PBXFrameworksBuildPhase section */

/* Begin PBXGroup section */
		9504E89629106C540009D563 /* SpeedCalculator */ = {
			isa = PBXGroup;
			children = (
				9504E89729106C670009D563 /* SpeedCalculatorProtocol.swift */,
				9504E89B29106D3A0009D563 /* MotionBasedSpeedCalculator.swift */,
			);
			path = SpeedCalculator;
			sourceTree = "<group>";
		};
		9504E8AC291169D50009D563 /* PreviewManipulationViews */ = {
			isa = PBXGroup;
			children = (
				9504E8AD291169F30009D563 /* MotionSlidersView.swift */,
			);
			path = PreviewManipulationViews;
			sourceTree = "<group>";
		};
		950D30F12909E5D000874EBF = {
			isa = PBXGroup;
			children = (
				950D30FC2909E5D000874EBF /* FitnessHeadTracker */,
				950D310D2909E5D200874EBF /* FitnessHeadTrackerTests */,
				950D31172909E5D200874EBF /* FitnessHeadTrackerUITests */,
				950D30FB2909E5D000874EBF /* Products */,
			);
			sourceTree = "<group>";
		};
		950D30FB2909E5D000874EBF /* Products */ = {
			isa = PBXGroup;
			children = (
				950D30FA2909E5D000874EBF /* FitnessHeadTracker.app */,
				950D310A2909E5D200874EBF /* FitnessHeadTrackerTests.xctest */,
				950D31142909E5D200874EBF /* FitnessHeadTrackerUITests.xctest */,
			);
			name = Products;
			sourceTree = "<group>";
		};
		950D30FC2909E5D000874EBF /* FitnessHeadTracker */ = {
			isa = PBXGroup;
			children = (
				950D31282909EB0B00874EBF /* model */,
				950D31272909E5EB00874EBF /* view */,
				950D3132290A7EF500874EBF /* viewModel */,
				950D30FD2909E5D000874EBF /* FitnessHeadTrackerApp.swift */,
				950D31012909E5D200874EBF /* Assets.xcassets */,
				950D31032909E5D200874EBF /* Preview Content */,
			);
			path = FitnessHeadTracker;
			sourceTree = "<group>";
		};
		950D31032909E5D200874EBF /* Preview Content */ = {
			isa = PBXGroup;
			children = (
				9504E8AC291169D50009D563 /* PreviewManipulationViews */,
				950D3137290A8D2C00874EBF /* mocks */,
				950D31042909E5D200874EBF /* Preview Assets.xcassets */,
			);
			path = "Preview Content";
			sourceTree = "<group>";
		};
		950D310D2909E5D200874EBF /* FitnessHeadTrackerTests */ = {
			isa = PBXGroup;
			children = (
				950D310E2909E5D200874EBF /* FitnessHeadTrackerTests.swift */,
				9504E89F2910853B0009D563 /* SpeedCalculatorTest.swift */,
			);
			path = FitnessHeadTrackerTests;
			sourceTree = "<group>";
		};
		950D31172909E5D200874EBF /* FitnessHeadTrackerUITests */ = {
			isa = PBXGroup;
			children = (
				950D31182909E5D200874EBF /* FitnessHeadTrackerUITests.swift */,
				950D311A2909E5D200874EBF /* FitnessHeadTrackerUITestsLaunchTests.swift */,
			);
			path = FitnessHeadTrackerUITests;
			sourceTree = "<group>";
		};
		950D31272909E5EB00874EBF /* view */ = {
			isa = PBXGroup;
			children = (
				950D30FF2909E5D000874EBF /* ContentView.swift */,
				950D3144290AADAB00874EBF /* AccelerationChart.swift */,
				9504E8A8291165F70009D563 /* HeadingView.swift */,
			);
			path = view;
			sourceTree = "<group>";
		};
		950D31282909EB0B00874EBF /* model */ = {
			isa = PBXGroup;
			children = (
				950D312C290A7E3600874EBF /* data */,
				950D31292909EB5E00874EBF /* logic */,
			);
			path = model;
			sourceTree = "<group>";
		};
		950D31292909EB5E00874EBF /* logic */ = {
			isa = PBXGroup;
			children = (
				950D3146290AE71700874EBF /* filter */,
				9504E89629106C540009D563 /* SpeedCalculator */,
				950D313E290A994400874EBF /* DistanceTracker */,
				950D313F290A995100874EBF /* MotionManager */,
			);
			path = logic;
			sourceTree = "<group>";
		};
		950D312C290A7E3600874EBF /* data */ = {
			isa = PBXGroup;
			children = (
				950D312D290A7E4100874EBF /* motion */,
			);
			path = data;
			sourceTree = "<group>";
		};
		950D312D290A7E4100874EBF /* motion */ = {
			isa = PBXGroup;
			children = (
				95D03FE829153A3500C6B7C9 /* Acceleration.swift */,
				95CB241A2915BB7F00299821 /* RotationRate.swift */,
				95D03FEC29153AA000C6B7C9 /* RotationMatrix.swift */,
				95D03FEE29153B1F00C6B7C9 /* Quaternion.swift */,
				95D03FEA29153A8D00C6B7C9 /* Attitude.swift */,
				950D312E290A7E6400874EBF /* SIMDAcceleration.swift */,
				950D3130290A7EB000874EBF /* SIMDRotationRate.swift */,
				95643EF02912E037009C2628 /* SIMDQuaternion.swift */,
				95643EF22912E097009C2628 /* SIMDAttitude.swift */,
				95643EF42912E0FA009C2628 /* SIMDRotationMatrix.swift */,
				95D03FE629151C1B00C6B7C9 /* CMExtensions.swift */,
				9504E89929106C9C0009D563 /* Speed.swift */,
				950D313C290A93D400874EBF /* Distance.swift */,
			);
			path = motion;
			sourceTree = "<group>";
		};
		950D3132290A7EF500874EBF /* viewModel */ = {
			isa = PBXGroup;
			children = (
				950D3133290A7F2E00874EBF /* MotionViewModel.swift */,
				950D3142290AA36300874EBF /* DistanceTrackerViewModel.swift */,
				9504E89D2910715F0009D563 /* SpeedViewModel.swift */,
			);
			path = viewModel;
			sourceTree = "<group>";
		};
		950D3137290A8D2C00874EBF /* mocks */ = {
			isa = PBXGroup;
			children = (
				950D3138290A8D3C00874EBF /* MotionManagerMock.swift */,
			);
			path = mocks;
			sourceTree = "<group>";
		};
		950D313E290A994400874EBF /* DistanceTracker */ = {
			isa = PBXGroup;
			children = (
				950D313A290A93A500874EBF /* DistanceTrackerProtocol.swift */,
				950D3140290A996200874EBF /* MotionBasedDistanceTracker.swift */,
			);
			path = DistanceTracker;
			sourceTree = "<group>";
		};
		950D313F290A995100874EBF /* MotionManager */ = {
			isa = PBXGroup;
			children = (
				950D3135290A8A0E00874EBF /* MotionManagerProtocol.swift */,
				950D312A2909EC1F00874EBF /* MotionManager.swift */,
				950D314B290AEBEE00874EBF /* FilteredMotionManager.swift */,
			);
			path = MotionManager;
			sourceTree = "<group>";
		};
		950D3146290AE71700874EBF /* filter */ = {
			isa = PBXGroup;
			children = (
				950D3147290AE72A00874EBF /* Filter.swift */,
				950D3149290AE94A00874EBF /* EwmaFilter.swift */,
				950D314D290B32F400874EBF /* DeadBandFilter.swift */,
			);
			path = filter;
			sourceTree = "<group>";
		};
/* End PBXGroup section */

/* Begin PBXNativeTarget section */
		950D30F92909E5D000874EBF /* FitnessHeadTracker */ = {
			isa = PBXNativeTarget;
			buildConfigurationList = 950D311E2909E5D200874EBF /* Build configuration list for PBXNativeTarget "FitnessHeadTracker" */;
			buildPhases = (
				950D30F62909E5D000874EBF /* Sources */,
				950D30F72909E5D000874EBF /* Frameworks */,
				950D30F82909E5D000874EBF /* Resources */,
			);
			buildRules = (
			);
			dependencies = (
			);
			name = FitnessHeadTracker;
			productName = FitnessHeadTracker;
			productReference = 950D30FA2909E5D000874EBF /* FitnessHeadTracker.app */;
			productType = "com.apple.product-type.application";
		};
		950D31092909E5D200874EBF /* FitnessHeadTrackerTests */ = {
			isa = PBXNativeTarget;
			buildConfigurationList = 950D31212909E5D200874EBF /* Build configuration list for PBXNativeTarget "FitnessHeadTrackerTests" */;
			buildPhases = (
				950D31062909E5D200874EBF /* Sources */,
				950D31072909E5D200874EBF /* Frameworks */,
				950D31082909E5D200874EBF /* Resources */,
			);
			buildRules = (
			);
			dependencies = (
				950D310C2909E5D200874EBF /* PBXTargetDependency */,
			);
			name = FitnessHeadTrackerTests;
			productName = FitnessHeadTrackerTests;
			productReference = 950D310A2909E5D200874EBF /* FitnessHeadTrackerTests.xctest */;
			productType = "com.apple.product-type.bundle.unit-test";
		};
		950D31132909E5D200874EBF /* FitnessHeadTrackerUITests */ = {
			isa = PBXNativeTarget;
			buildConfigurationList = 950D31242909E5D200874EBF /* Build configuration list for PBXNativeTarget "FitnessHeadTrackerUITests" */;
			buildPhases = (
				950D31102909E5D200874EBF /* Sources */,
				950D31112909E5D200874EBF /* Frameworks */,
				950D31122909E5D200874EBF /* Resources */,
			);
			buildRules = (
			);
			dependencies = (
				950D31162909E5D200874EBF /* PBXTargetDependency */,
			);
			name = FitnessHeadTrackerUITests;
			productName = FitnessHeadTrackerUITests;
			productReference = 950D31142909E5D200874EBF /* FitnessHeadTrackerUITests.xctest */;
			productType = "com.apple.product-type.bundle.ui-testing";
		};
/* End PBXNativeTarget section */

/* Begin PBXProject section */
		950D30F22909E5D000874EBF /* Project object */ = {
			isa = PBXProject;
			attributes = {
				BuildIndependentTargetsInParallel = 1;
				LastSwiftUpdateCheck = 1400;
				LastUpgradeCheck = 1400;
				TargetAttributes = {
					950D30F92909E5D000874EBF = {
						CreatedOnToolsVersion = 14.0.1;
					};
					950D31092909E5D200874EBF = {
						CreatedOnToolsVersion = 14.0.1;
						TestTargetID = 950D30F92909E5D000874EBF;
					};
					950D31132909E5D200874EBF = {
						CreatedOnToolsVersion = 14.0.1;
						TestTargetID = 950D30F92909E5D000874EBF;
					};
				};
			};
			buildConfigurationList = 950D30F52909E5D000874EBF /* Build configuration list for PBXProject "FitnessHeadTracker" */;
			compatibilityVersion = "Xcode 14.0";
			developmentRegion = en;
			hasScannedForEncodings = 0;
			knownRegions = (
				en,
				Base,
			);
			mainGroup = 950D30F12909E5D000874EBF;
			productRefGroup = 950D30FB2909E5D000874EBF /* Products */;
			projectDirPath = "";
			projectRoot = "";
			targets = (
				950D30F92909E5D000874EBF /* FitnessHeadTracker */,
				950D31092909E5D200874EBF /* FitnessHeadTrackerTests */,
				950D31132909E5D200874EBF /* FitnessHeadTrackerUITests */,
			);
		};
/* End PBXProject section */

/* Begin PBXResourcesBuildPhase section */
		950D30F82909E5D000874EBF /* Resources */ = {
			isa = PBXResourcesBuildPhase;
			buildActionMask = 2147483647;
			files = (
				950D31052909E5D200874EBF /* Preview Assets.xcassets in Resources */,
				950D31022909E5D200874EBF /* Assets.xcassets in Resources */,
			);
			runOnlyForDeploymentPostprocessing = 0;
		};
		950D31082909E5D200874EBF /* Resources */ = {
			isa = PBXResourcesBuildPhase;
			buildActionMask = 2147483647;
			files = (
			);
			runOnlyForDeploymentPostprocessing = 0;
		};
		950D31122909E5D200874EBF /* Resources */ = {
			isa = PBXResourcesBuildPhase;
			buildActionMask = 2147483647;
			files = (
			);
			runOnlyForDeploymentPostprocessing = 0;
		};
/* End PBXResourcesBuildPhase section */

/* Begin PBXSourcesBuildPhase section */
		950D30F62909E5D000874EBF /* Sources */ = {
			isa = PBXSourcesBuildPhase;
			buildActionMask = 2147483647;
			files = (
				9504E89E2910715F0009D563 /* SpeedViewModel.swift in Sources */,
				950D3143290AA36300874EBF /* DistanceTrackerViewModel.swift in Sources */,
				95D03FED29153AA000C6B7C9 /* RotationMatrix.swift in Sources */,
				95643EF52912E0FA009C2628 /* SIMDRotationMatrix.swift in Sources */,
				950D31002909E5D000874EBF /* ContentView.swift in Sources */,
				950D312B2909EC1F00874EBF /* MotionManager.swift in Sources */,
				950D313B290A93A500874EBF /* DistanceTrackerProtocol.swift in Sources */,
				950D30FE2909E5D000874EBF /* FitnessHeadTrackerApp.swift in Sources */,
				950D313D290A93D400874EBF /* Distance.swift in Sources */,
				95CB241B2915BB7F00299821 /* RotationRate.swift in Sources */,
				950D314C290AEBEE00874EBF /* FilteredMotionManager.swift in Sources */,
				95D03FE729151C1B00C6B7C9 /* CMExtensions.swift in Sources */,
				9504E89A29106C9C0009D563 /* Speed.swift in Sources */,
				950D3131290A7EB000874EBF /* SIMDRotationRate.swift in Sources */,
				950D314E290B32F400874EBF /* DeadBandFilter.swift in Sources */,
				9504E89C29106D3A0009D563 /* MotionBasedSpeedCalculator.swift in Sources */,
				950D314A290AE94A00874EBF /* EwmaFilter.swift in Sources */,
				950D3134290A7F2E00874EBF /* MotionViewModel.swift in Sources */,
				950D3141290A996200874EBF /* MotionBasedDistanceTracker.swift in Sources */,
				950D3148290AE72A00874EBF /* Filter.swift in Sources */,
				95D03FEB29153A8D00C6B7C9 /* Attitude.swift in Sources */,
				9504E8A9291165F70009D563 /* HeadingView.swift in Sources */,
				95D03FE929153A3500C6B7C9 /* Acceleration.swift in Sources */,
				95643EF32912E097009C2628 /* SIMDAttitude.swift in Sources */,
				95D03FEF29153B1F00C6B7C9 /* Quaternion.swift in Sources */,
				950D3145290AADAB00874EBF /* AccelerationChart.swift in Sources */,
				950D3139290A8D3C00874EBF /* MotionManagerMock.swift in Sources */,
				9504E8AE291169F30009D563 /* MotionSlidersView.swift in Sources */,
				9504E89829106C670009D563 /* SpeedCalculatorProtocol.swift in Sources */,
				95643EF12912E037009C2628 /* SIMDQuaternion.swift in Sources */,
				950D3136290A8A0E00874EBF /* MotionManagerProtocol.swift in Sources */,
				950D312F290A7E6400874EBF /* SIMDAcceleration.swift in Sources */,
			);
			runOnlyForDeploymentPostprocessing = 0;
		};
		950D31062909E5D200874EBF /* Sources */ = {
			isa = PBXSourcesBuildPhase;
			buildActionMask = 2147483647;
			files = (
				950D310F2909E5D200874EBF /* FitnessHeadTrackerTests.swift in Sources */,
				9504E8A02910853B0009D563 /* SpeedCalculatorTest.swift in Sources */,
			);
			runOnlyForDeploymentPostprocessing = 0;
		};
		950D31102909E5D200874EBF /* Sources */ = {
			isa = PBXSourcesBuildPhase;
			buildActionMask = 2147483647;
			files = (
				950D311B2909E5D200874EBF /* FitnessHeadTrackerUITestsLaunchTests.swift in Sources */,
				950D31192909E5D200874EBF /* FitnessHeadTrackerUITests.swift in Sources */,
			);
			runOnlyForDeploymentPostprocessing = 0;
		};
/* End PBXSourcesBuildPhase section */

/* Begin PBXTargetDependency section */
		950D310C2909E5D200874EBF /* PBXTargetDependency */ = {
			isa = PBXTargetDependency;
			target = 950D30F92909E5D000874EBF /* FitnessHeadTracker */;
			targetProxy = 950D310B2909E5D200874EBF /* PBXContainerItemProxy */;
		};
		950D31162909E5D200874EBF /* PBXTargetDependency */ = {
			isa = PBXTargetDependency;
			target = 950D30F92909E5D000874EBF /* FitnessHeadTracker */;
			targetProxy = 950D31152909E5D200874EBF /* PBXContainerItemProxy */;
		};
/* End PBXTargetDependency section */

/* Begin XCBuildConfiguration section */
		950D311C2909E5D200874EBF /* Debug */ = {
			isa = XCBuildConfiguration;
			buildSettings = {
				ALWAYS_SEARCH_USER_PATHS = NO;
				CLANG_ANALYZER_NONNULL = YES;
				CLANG_ANALYZER_NUMBER_OBJECT_CONVERSION = YES_AGGRESSIVE;
				CLANG_CXX_LANGUAGE_STANDARD = "gnu++20";
				CLANG_ENABLE_MODULES = YES;
				CLANG_ENABLE_OBJC_ARC = YES;
				CLANG_ENABLE_OBJC_WEAK = YES;
				CLANG_WARN_BLOCK_CAPTURE_AUTORELEASING = YES;
				CLANG_WARN_BOOL_CONVERSION = YES;
				CLANG_WARN_COMMA = YES;
				CLANG_WARN_CONSTANT_CONVERSION = YES;
				CLANG_WARN_DEPRECATED_OBJC_IMPLEMENTATIONS = YES;
				CLANG_WARN_DIRECT_OBJC_ISA_USAGE = YES_ERROR;
				CLANG_WARN_DOCUMENTATION_COMMENTS = YES;
				CLANG_WARN_EMPTY_BODY = YES;
				CLANG_WARN_ENUM_CONVERSION = YES;
				CLANG_WARN_INFINITE_RECURSION = YES;
				CLANG_WARN_INT_CONVERSION = YES;
				CLANG_WARN_NON_LITERAL_NULL_CONVERSION = YES;
				CLANG_WARN_OBJC_IMPLICIT_RETAIN_SELF = YES;
				CLANG_WARN_OBJC_LITERAL_CONVERSION = YES;
				CLANG_WARN_OBJC_ROOT_CLASS = YES_ERROR;
				CLANG_WARN_QUOTED_INCLUDE_IN_FRAMEWORK_HEADER = YES;
				CLANG_WARN_RANGE_LOOP_ANALYSIS = YES;
				CLANG_WARN_STRICT_PROTOTYPES = YES;
				CLANG_WARN_SUSPICIOUS_MOVE = YES;
				CLANG_WARN_UNGUARDED_AVAILABILITY = YES_AGGRESSIVE;
				CLANG_WARN_UNREACHABLE_CODE = YES;
				CLANG_WARN__DUPLICATE_METHOD_MATCH = YES;
				COPY_PHASE_STRIP = NO;
				DEBUG_INFORMATION_FORMAT = dwarf;
				ENABLE_STRICT_OBJC_MSGSEND = YES;
				ENABLE_TESTABILITY = YES;
				GCC_C_LANGUAGE_STANDARD = gnu11;
				GCC_DYNAMIC_NO_PIC = NO;
				GCC_NO_COMMON_BLOCKS = YES;
				GCC_OPTIMIZATION_LEVEL = 0;
				GCC_PREPROCESSOR_DEFINITIONS = (
					"DEBUG=1",
					"$(inherited)",
				);
				GCC_WARN_64_TO_32_BIT_CONVERSION = YES;
				GCC_WARN_ABOUT_RETURN_TYPE = YES_ERROR;
				GCC_WARN_UNDECLARED_SELECTOR = YES;
				GCC_WARN_UNINITIALIZED_AUTOS = YES_AGGRESSIVE;
				GCC_WARN_UNUSED_FUNCTION = YES;
				GCC_WARN_UNUSED_VARIABLE = YES;
				IPHONEOS_DEPLOYMENT_TARGET = 16.0;
				MTL_ENABLE_DEBUG_INFO = INCLUDE_SOURCE;
				MTL_FAST_MATH = YES;
				ONLY_ACTIVE_ARCH = YES;
				SDKROOT = iphoneos;
				SWIFT_ACTIVE_COMPILATION_CONDITIONS = DEBUG;
				SWIFT_OPTIMIZATION_LEVEL = "-Onone";
			};
			name = Debug;
		};
		950D311D2909E5D200874EBF /* Release */ = {
			isa = XCBuildConfiguration;
			buildSettings = {
				ALWAYS_SEARCH_USER_PATHS = NO;
				CLANG_ANALYZER_NONNULL = YES;
				CLANG_ANALYZER_NUMBER_OBJECT_CONVERSION = YES_AGGRESSIVE;
				CLANG_CXX_LANGUAGE_STANDARD = "gnu++20";
				CLANG_ENABLE_MODULES = YES;
				CLANG_ENABLE_OBJC_ARC = YES;
				CLANG_ENABLE_OBJC_WEAK = YES;
				CLANG_WARN_BLOCK_CAPTURE_AUTORELEASING = YES;
				CLANG_WARN_BOOL_CONVERSION = YES;
				CLANG_WARN_COMMA = YES;
				CLANG_WARN_CONSTANT_CONVERSION = YES;
				CLANG_WARN_DEPRECATED_OBJC_IMPLEMENTATIONS = YES;
				CLANG_WARN_DIRECT_OBJC_ISA_USAGE = YES_ERROR;
				CLANG_WARN_DOCUMENTATION_COMMENTS = YES;
				CLANG_WARN_EMPTY_BODY = YES;
				CLANG_WARN_ENUM_CONVERSION = YES;
				CLANG_WARN_INFINITE_RECURSION = YES;
				CLANG_WARN_INT_CONVERSION = YES;
				CLANG_WARN_NON_LITERAL_NULL_CONVERSION = YES;
				CLANG_WARN_OBJC_IMPLICIT_RETAIN_SELF = YES;
				CLANG_WARN_OBJC_LITERAL_CONVERSION = YES;
				CLANG_WARN_OBJC_ROOT_CLASS = YES_ERROR;
				CLANG_WARN_QUOTED_INCLUDE_IN_FRAMEWORK_HEADER = YES;
				CLANG_WARN_RANGE_LOOP_ANALYSIS = YES;
				CLANG_WARN_STRICT_PROTOTYPES = YES;
				CLANG_WARN_SUSPICIOUS_MOVE = YES;
				CLANG_WARN_UNGUARDED_AVAILABILITY = YES_AGGRESSIVE;
				CLANG_WARN_UNREACHABLE_CODE = YES;
				CLANG_WARN__DUPLICATE_METHOD_MATCH = YES;
				COPY_PHASE_STRIP = NO;
				DEBUG_INFORMATION_FORMAT = "dwarf-with-dsym";
				ENABLE_NS_ASSERTIONS = NO;
				ENABLE_STRICT_OBJC_MSGSEND = YES;
				GCC_C_LANGUAGE_STANDARD = gnu11;
				GCC_NO_COMMON_BLOCKS = YES;
				GCC_WARN_64_TO_32_BIT_CONVERSION = YES;
				GCC_WARN_ABOUT_RETURN_TYPE = YES_ERROR;
				GCC_WARN_UNDECLARED_SELECTOR = YES;
				GCC_WARN_UNINITIALIZED_AUTOS = YES_AGGRESSIVE;
				GCC_WARN_UNUSED_FUNCTION = YES;
				GCC_WARN_UNUSED_VARIABLE = YES;
				IPHONEOS_DEPLOYMENT_TARGET = 16.0;
				MTL_ENABLE_DEBUG_INFO = NO;
				MTL_FAST_MATH = YES;
				SDKROOT = iphoneos;
				SWIFT_COMPILATION_MODE = wholemodule;
				SWIFT_OPTIMIZATION_LEVEL = "-O";
				VALIDATE_PRODUCT = YES;
			};
			name = Release;
		};
		950D311F2909E5D200874EBF /* Debug */ = {
			isa = XCBuildConfiguration;
			buildSettings = {
				ASSETCATALOG_COMPILER_APPICON_NAME = AppIcon;
				ASSETCATALOG_COMPILER_GLOBAL_ACCENT_COLOR_NAME = AccentColor;
				CODE_SIGN_STYLE = Automatic;
				CURRENT_PROJECT_VERSION = 1;
				DEVELOPMENT_ASSET_PATHS = "\"FitnessHeadTracker/Preview Content\"";
				DEVELOPMENT_TEAM = 4875A95ZVA;
				ENABLE_PREVIEWS = YES;
				GENERATE_INFOPLIST_FILE = YES;
				INFOPLIST_KEY_NSMotionUsageDescription = "This App uses Motion to track your Body movement during a workout";
				INFOPLIST_KEY_UIApplicationSceneManifest_Generation = YES;
				INFOPLIST_KEY_UIApplicationSupportsIndirectInputEvents = YES;
				INFOPLIST_KEY_UILaunchScreen_Generation = YES;
				INFOPLIST_KEY_UISupportedInterfaceOrientations_iPad = "UIInterfaceOrientationPortrait UIInterfaceOrientationPortraitUpsideDown UIInterfaceOrientationLandscapeLeft UIInterfaceOrientationLandscapeRight";
				INFOPLIST_KEY_UISupportedInterfaceOrientations_iPhone = "UIInterfaceOrientationPortrait UIInterfaceOrientationLandscapeLeft UIInterfaceOrientationLandscapeRight";
				LD_RUNPATH_SEARCH_PATHS = (
					"$(inherited)",
					"@executable_path/Frameworks",
				);
				MARKETING_VERSION = 1.0;
				PRODUCT_BUNDLE_IDENTIFIER = de.moschina.dev.FitnessHeadTracker;
				PRODUCT_NAME = "$(TARGET_NAME)";
				SWIFT_EMIT_LOC_STRINGS = YES;
				SWIFT_VERSION = 5.0;
				TARGETED_DEVICE_FAMILY = "1,2";
			};
			name = Debug;
		};
		950D31202909E5D200874EBF /* Release */ = {
			isa = XCBuildConfiguration;
			buildSettings = {
				ASSETCATALOG_COMPILER_APPICON_NAME = AppIcon;
				ASSETCATALOG_COMPILER_GLOBAL_ACCENT_COLOR_NAME = AccentColor;
				CODE_SIGN_STYLE = Automatic;
				CURRENT_PROJECT_VERSION = 1;
				DEVELOPMENT_ASSET_PATHS = "\"FitnessHeadTracker/Preview Content\"";
				DEVELOPMENT_TEAM = 4875A95ZVA;
				ENABLE_PREVIEWS = YES;
				GENERATE_INFOPLIST_FILE = YES;
				INFOPLIST_KEY_NSMotionUsageDescription = "This App uses Motion to track your Body movement during a workout";
				INFOPLIST_KEY_UIApplicationSceneManifest_Generation = YES;
				INFOPLIST_KEY_UIApplicationSupportsIndirectInputEvents = YES;
				INFOPLIST_KEY_UILaunchScreen_Generation = YES;
				INFOPLIST_KEY_UISupportedInterfaceOrientations_iPad = "UIInterfaceOrientationPortrait UIInterfaceOrientationPortraitUpsideDown UIInterfaceOrientationLandscapeLeft UIInterfaceOrientationLandscapeRight";
				INFOPLIST_KEY_UISupportedInterfaceOrientations_iPhone = "UIInterfaceOrientationPortrait UIInterfaceOrientationLandscapeLeft UIInterfaceOrientationLandscapeRight";
				LD_RUNPATH_SEARCH_PATHS = (
					"$(inherited)",
					"@executable_path/Frameworks",
				);
				MARKETING_VERSION = 1.0;
				PRODUCT_BUNDLE_IDENTIFIER = de.moschina.dev.FitnessHeadTracker;
				PRODUCT_NAME = "$(TARGET_NAME)";
				SWIFT_EMIT_LOC_STRINGS = YES;
				SWIFT_VERSION = 5.0;
				TARGETED_DEVICE_FAMILY = "1,2";
			};
			name = Release;
		};
		950D31222909E5D200874EBF /* Debug */ = {
			isa = XCBuildConfiguration;
			buildSettings = {
				ALWAYS_EMBED_SWIFT_STANDARD_LIBRARIES = YES;
				BUNDLE_LOADER = "$(TEST_HOST)";
				CODE_SIGN_STYLE = Automatic;
				CURRENT_PROJECT_VERSION = 1;
				DEVELOPMENT_TEAM = 4875A95ZVA;
				GENERATE_INFOPLIST_FILE = YES;
				IPHONEOS_DEPLOYMENT_TARGET = 16.0;
				MARKETING_VERSION = 1.0;
				PRODUCT_BUNDLE_IDENTIFIER = de.moschina.dev.FitnessHeadTrackerTests;
				PRODUCT_NAME = "$(TARGET_NAME)";
				SWIFT_EMIT_LOC_STRINGS = NO;
				SWIFT_VERSION = 5.0;
				TARGETED_DEVICE_FAMILY = "1,2";
				TEST_HOST = "$(BUILT_PRODUCTS_DIR)/FitnessHeadTracker.app/$(BUNDLE_EXECUTABLE_FOLDER_PATH)/FitnessHeadTracker";
			};
			name = Debug;
		};
		950D31232909E5D200874EBF /* Release */ = {
			isa = XCBuildConfiguration;
			buildSettings = {
				ALWAYS_EMBED_SWIFT_STANDARD_LIBRARIES = YES;
				BUNDLE_LOADER = "$(TEST_HOST)";
				CODE_SIGN_STYLE = Automatic;
				CURRENT_PROJECT_VERSION = 1;
				DEVELOPMENT_TEAM = 4875A95ZVA;
				GENERATE_INFOPLIST_FILE = YES;
				IPHONEOS_DEPLOYMENT_TARGET = 16.0;
				MARKETING_VERSION = 1.0;
				PRODUCT_BUNDLE_IDENTIFIER = de.moschina.dev.FitnessHeadTrackerTests;
				PRODUCT_NAME = "$(TARGET_NAME)";
				SWIFT_EMIT_LOC_STRINGS = NO;
				SWIFT_VERSION = 5.0;
				TARGETED_DEVICE_FAMILY = "1,2";
				TEST_HOST = "$(BUILT_PRODUCTS_DIR)/FitnessHeadTracker.app/$(BUNDLE_EXECUTABLE_FOLDER_PATH)/FitnessHeadTracker";
			};
			name = Release;
		};
		950D31252909E5D200874EBF /* Debug */ = {
			isa = XCBuildConfiguration;
			buildSettings = {
				ALWAYS_EMBED_SWIFT_STANDARD_LIBRARIES = YES;
				CODE_SIGN_STYLE = Automatic;
				CURRENT_PROJECT_VERSION = 1;
				DEVELOPMENT_TEAM = 4875A95ZVA;
				GENERATE_INFOPLIST_FILE = YES;
				MARKETING_VERSION = 1.0;
				PRODUCT_BUNDLE_IDENTIFIER = de.moschina.dev.FitnessHeadTrackerUITests;
				PRODUCT_NAME = "$(TARGET_NAME)";
				SWIFT_EMIT_LOC_STRINGS = NO;
				SWIFT_VERSION = 5.0;
				TARGETED_DEVICE_FAMILY = "1,2";
				TEST_TARGET_NAME = FitnessHeadTracker;
			};
			name = Debug;
		};
		950D31262909E5D200874EBF /* Release */ = {
			isa = XCBuildConfiguration;
			buildSettings = {
				ALWAYS_EMBED_SWIFT_STANDARD_LIBRARIES = YES;
				CODE_SIGN_STYLE = Automatic;
				CURRENT_PROJECT_VERSION = 1;
				DEVELOPMENT_TEAM = 4875A95ZVA;
				GENERATE_INFOPLIST_FILE = YES;
				MARKETING_VERSION = 1.0;
				PRODUCT_BUNDLE_IDENTIFIER = de.moschina.dev.FitnessHeadTrackerUITests;
				PRODUCT_NAME = "$(TARGET_NAME)";
				SWIFT_EMIT_LOC_STRINGS = NO;
				SWIFT_VERSION = 5.0;
				TARGETED_DEVICE_FAMILY = "1,2";
				TEST_TARGET_NAME = FitnessHeadTracker;
			};
			name = Release;
		};
/* End XCBuildConfiguration section */

/* Begin XCConfigurationList section */
		950D30F52909E5D000874EBF /* Build configuration list for PBXProject "FitnessHeadTracker" */ = {
			isa = XCConfigurationList;
			buildConfigurations = (
				950D311C2909E5D200874EBF /* Debug */,
				950D311D2909E5D200874EBF /* Release */,
			);
			defaultConfigurationIsVisible = 0;
			defaultConfigurationName = Release;
		};
		950D311E2909E5D200874EBF /* Build configuration list for PBXNativeTarget "FitnessHeadTracker" */ = {
			isa = XCConfigurationList;
			buildConfigurations = (
				950D311F2909E5D200874EBF /* Debug */,
				950D31202909E5D200874EBF /* Release */,
			);
			defaultConfigurationIsVisible = 0;
			defaultConfigurationName = Release;
		};
		950D31212909E5D200874EBF /* Build configuration list for PBXNativeTarget "FitnessHeadTrackerTests" */ = {
			isa = XCConfigurationList;
			buildConfigurations = (
				950D31222909E5D200874EBF /* Debug */,
				950D31232909E5D200874EBF /* Release */,
			);
			defaultConfigurationIsVisible = 0;
			defaultConfigurationName = Release;
		};
		950D31242909E5D200874EBF /* Build configuration list for PBXNativeTarget "FitnessHeadTrackerUITests" */ = {
			isa = XCConfigurationList;
			buildConfigurations = (
				950D31252909E5D200874EBF /* Debug */,
				950D31262909E5D200874EBF /* Release */,
			);
			defaultConfigurationIsVisible = 0;
			defaultConfigurationName = Release;
		};
/* End XCConfigurationList section */
	};
	rootObject = 950D30F22909E5D000874EBF /* Project object */;
}
